// !$*UTF8*$!
{
	archiveVersion = 1;
	classes = {
	};
	objectVersion = 56;
	objects = {

/* Begin PBXBuildFile section */
		D30213F92A287E8D008DD61D /* UserAvatarView.swift in Sources */ = {isa = PBXBuildFile; fileRef = D30213F82A287E8D008DD61D /* UserAvatarView.swift */; };
		D30213FB2A288542008DD61D /* ConversationList.swift in Sources */ = {isa = PBXBuildFile; fileRef = D30213FA2A288542008DD61D /* ConversationList.swift */; };
		D3294DB12A2744B000F9636F /* PhotoCaptureController.swift in Sources */ = {isa = PBXBuildFile; fileRef = D3294DB02A2744B000F9636F /* PhotoCaptureController.swift */; };
		D3294DB32A27460D00F9636F /* UIImageExtension.swift in Sources */ = {isa = PBXBuildFile; fileRef = D3294DB22A27460D00F9636F /* UIImageExtension.swift */; };
		D3294DB52A2746DC00F9636F /* AvatarButton.swift in Sources */ = {isa = PBXBuildFile; fileRef = D3294DB42A2746DC00F9636F /* AvatarButton.swift */; };
		D3294DB72A2746EE00F9636F /* AvatarThumbNailView.swift in Sources */ = {isa = PBXBuildFile; fileRef = D3294DB62A2746EE00F9636F /* AvatarThumbNailView.swift */; };
		D3294DB92A27471300F9636F /* Thumbnail.swift in Sources */ = {isa = PBXBuildFile; fileRef = D3294DB82A27471300F9636F /* Thumbnail.swift */; };
		D3294DBB2A27476E00F9636F /* ThumbNailView.swift in Sources */ = {isa = PBXBuildFile; fileRef = D3294DBA2A27476E00F9636F /* ThumbNailView.swift */; };
		D3485EBF2A2A2D970088338E /* SearchBoxView.swift in Sources */ = {isa = PBXBuildFile; fileRef = D3485EBE2A2A2D970088338E /* SearchBoxView.swift */; };
		D351ABA729FFC6580008870A /* CarEducationVideoRow.swift in Sources */ = {isa = PBXBuildFile; fileRef = D351ABA629FFC6580008870A /* CarEducationVideoRow.swift */; };
		D35245902A2335EB00F2851B /* ChatMessage.swift in Sources */ = {isa = PBXBuildFile; fileRef = D352458F2A2335EB00F2851B /* ChatMessage.swift */; };
		D35245922A23367200F2851B /* Photo.swift in Sources */ = {isa = PBXBuildFile; fileRef = D35245912A23367200F2851B /* Photo.swift */; };
		D353065C2A3C5DF100059ED3 /* AuthorView.swift in Sources */ = {isa = PBXBuildFile; fileRef = D353065B2A3C5DF100059ED3 /* AuthorView.swift */; };
		D35C67D529F2DAA300D25726 /* Assets.xcassets in Resources */ = {isa = PBXBuildFile; fileRef = D35C67D429F2DAA300D25726 /* Assets.xcassets */; };
		D35C67D829F2DAA300D25726 /* Preview Assets.xcassets in Resources */ = {isa = PBXBuildFile; fileRef = D35C67D729F2DAA300D25726 /* Preview Assets.xcassets */; };
		D35C67E029F2DAE700D25726 /* Realm in Frameworks */ = {isa = PBXBuildFile; productRef = D35C67DF29F2DAE700D25726 /* Realm */; };
		D35C67E229F2DAE700D25726 /* RealmSwift in Frameworks */ = {isa = PBXBuildFile; productRef = D35C67E129F2DAE700D25726 /* RealmSwift */; };
		D35C67E529F2DB2700D25726 /* GoogleAPIClientForRESTCore in Frameworks */ = {isa = PBXBuildFile; productRef = D35C67E429F2DB2700D25726 /* GoogleAPIClientForRESTCore */; };
		D35C67E829F2DB7800D25726 /* DrivingLicenceApp.swift in Sources */ = {isa = PBXBuildFile; fileRef = D35C67E629F2DB7800D25726 /* DrivingLicenceApp.swift */; };
		D35C67E929F2DB7800D25726 /* DrivingLicenceAppConfig.swift in Sources */ = {isa = PBXBuildFile; fileRef = D35C67E729F2DB7800D25726 /* DrivingLicenceAppConfig.swift */; };
		D35C67F129F2DB8900D25726 /* UserDetail.swift in Sources */ = {isa = PBXBuildFile; fileRef = D35C67EB29F2DB8900D25726 /* UserDetail.swift */; };
		D35C67F229F2DB8900D25726 /* Tutorial.swift in Sources */ = {isa = PBXBuildFile; fileRef = D35C67EC29F2DB8900D25726 /* Tutorial.swift */; };
		D35C67F329F2DB8900D25726 /* Quection.swift in Sources */ = {isa = PBXBuildFile; fileRef = D35C67ED29F2DB8900D25726 /* Quection.swift */; };
		D35C67F429F2DB8900D25726 /* Category.swift in Sources */ = {isa = PBXBuildFile; fileRef = D35C67EE29F2DB8900D25726 /* Category.swift */; };
		D35C67F629F2DB8900D25726 /* Answer.swift in Sources */ = {isa = PBXBuildFile; fileRef = D35C67F029F2DB8900D25726 /* Answer.swift */; };
		D35C680F29F2DB9B00D25726 /* ErrorView.swift in Sources */ = {isa = PBXBuildFile; fileRef = D35C67F929F2DB9A00D25726 /* ErrorView.swift */; };
		D35C681029F2DB9B00D25726 /* HomeView.swift in Sources */ = {isa = PBXBuildFile; fileRef = D35C67FC29F2DB9A00D25726 /* HomeView.swift */; };
		D35C681429F2DB9B00D25726 /* MainTabbarView.swift in Sources */ = {isa = PBXBuildFile; fileRef = D35C680129F2DB9A00D25726 /* MainTabbarView.swift */; };
		D35C681529F2DB9B00D25726 /* QuectionsView.swift in Sources */ = {isa = PBXBuildFile; fileRef = D35C680329F2DB9A00D25726 /* QuectionsView.swift */; };
		D35C681629F2DB9B00D25726 /* AccountView.swift in Sources */ = {isa = PBXBuildFile; fileRef = D35C680529F2DB9A00D25726 /* AccountView.swift */; };
		D35C681729F2DB9B00D25726 /* CreateAccountDetailView.swift in Sources */ = {isa = PBXBuildFile; fileRef = D35C680629F2DB9A00D25726 /* CreateAccountDetailView.swift */; };
		D35C681829F2DB9B00D25726 /* AccountDetailListView.swift in Sources */ = {isa = PBXBuildFile; fileRef = D35C680729F2DB9A00D25726 /* AccountDetailListView.swift */; };
		D35C681929F2DB9B00D25726 /* ChatView.swift in Sources */ = {isa = PBXBuildFile; fileRef = D35C680829F2DB9A00D25726 /* ChatView.swift */; };
		D35C681A29F2DB9B00D25726 /* OpenRealmView.swift in Sources */ = {isa = PBXBuildFile; fileRef = D35C680A29F2DB9A00D25726 /* OpenRealmView.swift */; };
		D35C681B29F2DB9B00D25726 /* ContentView.swift in Sources */ = {isa = PBXBuildFile; fileRef = D35C680B29F2DB9A00D25726 /* ContentView.swift */; };
		D35C681C29F2DB9B00D25726 /* LogoutButton.swift in Sources */ = {isa = PBXBuildFile; fileRef = D35C680D29F2DB9A00D25726 /* LogoutButton.swift */; };
		D35C681D29F2DB9B00D25726 /* LoginView.swift in Sources */ = {isa = PBXBuildFile; fileRef = D35C680E29F2DB9A00D25726 /* LoginView.swift */; };
		D35C682129F2DBA800D25726 /* atlasConfig.plist in Resources */ = {isa = PBXBuildFile; fileRef = D35C681E29F2DBA800D25726 /* atlasConfig.plist */; };
		D35C682229F2DBA800D25726 /* DocumentationEng.docc in Sources */ = {isa = PBXBuildFile; fileRef = D35C681F29F2DBA800D25726 /* DocumentationEng.docc */; };
		D35C682329F2DBA800D25726 /* DocumentationTR.docc in Sources */ = {isa = PBXBuildFile; fileRef = D35C682029F2DBA800D25726 /* DocumentationTR.docc */; };
		D35C682829F2E01E00D25726 /* EducationView.swift in Sources */ = {isa = PBXBuildFile; fileRef = D35C682729F2E01E00D25726 /* EducationView.swift */; };
		D35C682E29F2E03D00D25726 /* CreateEducationCategory.swift in Sources */ = {isa = PBXBuildFile; fileRef = D35C682929F2E03D00D25726 /* CreateEducationCategory.swift */; };
		D35C683029F2E03D00D25726 /* EducationCategoryRow.swift in Sources */ = {isa = PBXBuildFile; fileRef = D35C682B29F2E03D00D25726 /* EducationCategoryRow.swift */; };
		D35C683129F2E03D00D25726 /* EducationCategoryList.swift in Sources */ = {isa = PBXBuildFile; fileRef = D35C682C29F2E03D00D25726 /* EducationCategoryList.swift */; };
		D35C683529F2E0DD00D25726 /* GoogleAPIClientForREST_YouTube in Frameworks */ = {isa = PBXBuildFile; productRef = D35C683429F2E0DD00D25726 /* GoogleAPIClientForREST_YouTube */; };
		D35C683729F2E0E800D25726 /* GoogleAPIClientForREST_YouTubeAnalytics in Frameworks */ = {isa = PBXBuildFile; productRef = D35C683629F2E0E800D25726 /* GoogleAPIClientForREST_YouTubeAnalytics */; };
		D35C683929F2E0E800D25726 /* GoogleAPIClientForREST_YouTubeReporting in Frameworks */ = {isa = PBXBuildFile; productRef = D35C683829F2E0E800D25726 /* GoogleAPIClientForREST_YouTubeReporting */; };
		D360A96D2A07B0F40033C6AB /* CarEducationVideoView.swift in Sources */ = {isa = PBXBuildFile; fileRef = D360A96C2A07B0F40033C6AB /* CarEducationVideoView.swift */; };
		D360A9702A07B1DA0033C6AB /* CreateCarEducationTutorial.swift in Sources */ = {isa = PBXBuildFile; fileRef = D360A96F2A07B1DA0033C6AB /* CreateCarEducationTutorial.swift */; };
		D360A9722A07B2310033C6AB /* CarEducationTutorialList.swift in Sources */ = {isa = PBXBuildFile; fileRef = D360A9712A07B2310033C6AB /* CarEducationTutorialList.swift */; };
		D360A9742A07C3D90033C6AB /* CarEducationVideoDetail.swift in Sources */ = {isa = PBXBuildFile; fileRef = D360A9732A07C3D90033C6AB /* CarEducationVideoDetail.swift */; };
		D36CA7092A29345900989DC8 /* CaptionLabel.swift in Sources */ = {isa = PBXBuildFile; fileRef = D36CA7082A29345900989DC8 /* CaptionLabel.swift */; };
		D36CA70B2A2934FC00989DC8 /* ThumbnailPhotoView.swift in Sources */ = {isa = PBXBuildFile; fileRef = D36CA70A2A2934FC00989DC8 /* ThumbnailPhotoView.swift */; };
		D36CA70D2A29352C00989DC8 /* OnOffCircleView.swift in Sources */ = {isa = PBXBuildFile; fileRef = D36CA70C2A29352C00989DC8 /* OnOffCircleView.swift */; };
		D36CA70F2A29355800989DC8 /* BlankPersonIconView.swift in Sources */ = {isa = PBXBuildFile; fileRef = D36CA70E2A29355800989DC8 /* BlankPersonIconView.swift */; };
		D37229642A17472100B56C1D /* UserStatistic.swift in Sources */ = {isa = PBXBuildFile; fileRef = D37229632A17472100B56C1D /* UserStatistic.swift */; };
		D37229682A174E2200B56C1D /* UserStatisticsCalculator.swift in Sources */ = {isa = PBXBuildFile; fileRef = D37229672A174E2200B56C1D /* UserStatisticsCalculator.swift */; };
		D3AE8D3D2A36FB940065930B /* ChatBubbleView.swift in Sources */ = {isa = PBXBuildFile; fileRef = D3AE8D3A2A36FB940065930B /* ChatBubbleView.swift */; };
		D3AE8D3E2A36FB940065930B /* ChatRoomBubblesView.swift in Sources */ = {isa = PBXBuildFile; fileRef = D3AE8D3B2A36FB940065930B /* ChatRoomBubblesView.swift */; };
		D3AE8D412A36FBA70065930B /* ChatRoomView.swift in Sources */ = {isa = PBXBuildFile; fileRef = D3AE8D402A36FBA70065930B /* ChatRoomView.swift */; };
		D3AE8D432A36FBCA0065930B /* ChatInputBox.swift in Sources */ = {isa = PBXBuildFile; fileRef = D3AE8D422A36FBCA0065930B /* ChatInputBox.swift */; };
		D3AE8D452A3703340065930B /* SaveConversationButton.swift in Sources */ = {isa = PBXBuildFile; fileRef = D3AE8D442A3703340065930B /* SaveConversationButton.swift */; };
		D3B575EB2A2F77F60079C94C /* AppState.swift in Sources */ = {isa = PBXBuildFile; fileRef = D3B575EA2A2F77F60079C94C /* AppState.swift */; };
		D3B575ED2A2F7C130079C94C /* ConversationCardView.swift in Sources */ = {isa = PBXBuildFile; fileRef = D3B575EC2A2F7C130079C94C /* ConversationCardView.swift */; };
		D3B575EF2A2F7C470079C94C /* MugShotGridView.swift in Sources */ = {isa = PBXBuildFile; fileRef = D3B575EE2A2F7C470079C94C /* MugShotGridView.swift */; };
		D3B575F12A2F7C6C0079C94C /* NewConversationView.swift in Sources */ = {isa = PBXBuildFile; fileRef = D3B575F02A2F7C6C0079C94C /* NewConversationView.swift */; };
		D3B576002A2F89BA0079C94C /* SearchBox.swift in Sources */ = {isa = PBXBuildFile; fileRef = D3B575FF2A2F89BA0079C94C /* SearchBox.swift */; };
		D3B84F6E2A2B5EDB00B60FA3 /* TextDate.swift in Sources */ = {isa = PBXBuildFile; fileRef = D3B84F6D2A2B5EDB00B60FA3 /* TextDate.swift */; };
		D3B84F702A2B5F2600B60FA3 /* ThumbnailWithExpand.swift in Sources */ = {isa = PBXBuildFile; fileRef = D3B84F6F2A2B5F2600B60FA3 /* ThumbnailWithExpand.swift */; };
		D3B84F722A2B5F6900B60FA3 /* PhotoFullSizeView.swift in Sources */ = {isa = PBXBuildFile; fileRef = D3B84F712A2B5F6900B60FA3 /* PhotoFullSizeView.swift */; };
		D3B84F742A2B5F9C00B60FA3 /* BackButton.swift in Sources */ = {isa = PBXBuildFile; fileRef = D3B84F732A2B5F9C00B60FA3 /* BackButton.swift */; };
		D3B84F762A2B600600B60FA3 /* MarkDown.swift in Sources */ = {isa = PBXBuildFile; fileRef = D3B84F752A2B600600B60FA3 /* MarkDown.swift */; };
		D3B84F782A2B603D00B60FA3 /* ThumbnailWithDelete.swift in Sources */ = {isa = PBXBuildFile; fileRef = D3B84F772A2B603D00B60FA3 /* ThumbnailWithDelete.swift */; };
		D3B84F7A2A2B606200B60FA3 /* DeleteButton.swift in Sources */ = {isa = PBXBuildFile; fileRef = D3B84F792A2B606200B60FA3 /* DeleteButton.swift */; };
		D3B84F7C2A2B608C00B60FA3 /* ButtonTemplate.swift in Sources */ = {isa = PBXBuildFile; fileRef = D3B84F7B2A2B608C00B60FA3 /* ButtonTemplate.swift */; };
		D3B84F7E2A2B60B200B60FA3 /* AttachButton.swift in Sources */ = {isa = PBXBuildFile; fileRef = D3B84F7D2A2B60B200B60FA3 /* AttachButton.swift */; };
		D3B84F802A2B60D700B60FA3 /* CameraButton.swift in Sources */ = {isa = PBXBuildFile; fileRef = D3B84F7F2A2B60D700B60FA3 /* CameraButton.swift */; };
		D3B84F822A2B60F900B60FA3 /* SendButton.swift in Sources */ = {isa = PBXBuildFile; fileRef = D3B84F812A2B60F900B60FA3 /* SendButton.swift */; };
		D3E1CF6F2A2339B6001801D0 /* UserPreferences.swift in Sources */ = {isa = PBXBuildFile; fileRef = D3E1CF6E2A2339B6001801D0 /* UserPreferences.swift */; };
		D3E1CF712A2339E7001801D0 /* Member.swift in Sources */ = {isa = PBXBuildFile; fileRef = D3E1CF702A2339E7001801D0 /* Member.swift */; };
		D3E1CF732A233A0F001801D0 /* Conversation.swift in Sources */ = {isa = PBXBuildFile; fileRef = D3E1CF722A233A0F001801D0 /* Conversation.swift */; };
		D3E1CF752A234259001801D0 /* CloneOfUser.swift in Sources */ = {isa = PBXBuildFile; fileRef = D3E1CF742A234259001801D0 /* CloneOfUser.swift */; };
		D3E559182A0E824A00819F19 /* CreateQuection.swift in Sources */ = {isa = PBXBuildFile; fileRef = D3E559172A0E824A00819F19 /* CreateQuection.swift */; };
		D3E5591A2A0E826F00819F19 /* QuectionList.swift in Sources */ = {isa = PBXBuildFile; fileRef = D3E559192A0E826F00819F19 /* QuectionList.swift */; };
		D3E5591E2A0EAFEB00819F19 /* QuectionRow.swift in Sources */ = {isa = PBXBuildFile; fileRef = D3E5591D2A0EAFEB00819F19 /* QuectionRow.swift */; };
		D3EDEB132A04F3800080FF41 /* YouTubeAPI.swift in Sources */ = {isa = PBXBuildFile; fileRef = D3EDEB122A04F37F0080FF41 /* YouTubeAPI.swift */; };
/* End PBXBuildFile section */

/* Begin PBXFileReference section */
		D30213F82A287E8D008DD61D /* UserAvatarView.swift */ = {isa = PBXFileReference; lastKnownFileType = sourcecode.swift; path = UserAvatarView.swift; sourceTree = "<group>"; };
		D30213FA2A288542008DD61D /* ConversationList.swift */ = {isa = PBXFileReference; lastKnownFileType = sourcecode.swift; path = ConversationList.swift; sourceTree = "<group>"; };
		D3294DB02A2744B000F9636F /* PhotoCaptureController.swift */ = {isa = PBXFileReference; lastKnownFileType = sourcecode.swift; path = PhotoCaptureController.swift; sourceTree = "<group>"; };
		D3294DB22A27460D00F9636F /* UIImageExtension.swift */ = {isa = PBXFileReference; lastKnownFileType = sourcecode.swift; path = UIImageExtension.swift; sourceTree = "<group>"; };
		D3294DB42A2746DC00F9636F /* AvatarButton.swift */ = {isa = PBXFileReference; lastKnownFileType = sourcecode.swift; path = AvatarButton.swift; sourceTree = "<group>"; };
		D3294DB62A2746EE00F9636F /* AvatarThumbNailView.swift */ = {isa = PBXFileReference; lastKnownFileType = sourcecode.swift; path = AvatarThumbNailView.swift; sourceTree = "<group>"; };
		D3294DB82A27471300F9636F /* Thumbnail.swift */ = {isa = PBXFileReference; lastKnownFileType = sourcecode.swift; path = Thumbnail.swift; sourceTree = "<group>"; };
		D3294DBA2A27476E00F9636F /* ThumbNailView.swift */ = {isa = PBXFileReference; lastKnownFileType = sourcecode.swift; path = ThumbNailView.swift; sourceTree = "<group>"; };
		D3485EBE2A2A2D970088338E /* SearchBoxView.swift */ = {isa = PBXFileReference; lastKnownFileType = sourcecode.swift; path = SearchBoxView.swift; sourceTree = "<group>"; };
		D351ABA629FFC6580008870A /* CarEducationVideoRow.swift */ = {isa = PBXFileReference; lastKnownFileType = sourcecode.swift; path = CarEducationVideoRow.swift; sourceTree = "<group>"; };
		D352458F2A2335EB00F2851B /* ChatMessage.swift */ = {isa = PBXFileReference; lastKnownFileType = sourcecode.swift; path = ChatMessage.swift; sourceTree = "<group>"; };
		D35245912A23367200F2851B /* Photo.swift */ = {isa = PBXFileReference; lastKnownFileType = sourcecode.swift; path = Photo.swift; sourceTree = "<group>"; };
		D353065B2A3C5DF100059ED3 /* AuthorView.swift */ = {isa = PBXFileReference; lastKnownFileType = sourcecode.swift; path = AuthorView.swift; sourceTree = "<group>"; };
		D35C67CD29F2DAA100D25726 /* DrivingLicence.app */ = {isa = PBXFileReference; explicitFileType = wrapper.application; includeInIndex = 0; path = DrivingLicence.app; sourceTree = BUILT_PRODUCTS_DIR; };
		D35C67D429F2DAA300D25726 /* Assets.xcassets */ = {isa = PBXFileReference; lastKnownFileType = folder.assetcatalog; path = Assets.xcassets; sourceTree = "<group>"; };
		D35C67D729F2DAA300D25726 /* Preview Assets.xcassets */ = {isa = PBXFileReference; lastKnownFileType = folder.assetcatalog; path = "Preview Assets.xcassets"; sourceTree = "<group>"; };
		D35C67E629F2DB7800D25726 /* DrivingLicenceApp.swift */ = {isa = PBXFileReference; fileEncoding = 4; lastKnownFileType = sourcecode.swift; path = DrivingLicenceApp.swift; sourceTree = "<group>"; };
		D35C67E729F2DB7800D25726 /* DrivingLicenceAppConfig.swift */ = {isa = PBXFileReference; fileEncoding = 4; lastKnownFileType = sourcecode.swift; path = DrivingLicenceAppConfig.swift; sourceTree = "<group>"; };
		D35C67EB29F2DB8900D25726 /* UserDetail.swift */ = {isa = PBXFileReference; fileEncoding = 4; lastKnownFileType = sourcecode.swift; path = UserDetail.swift; sourceTree = "<group>"; };
		D35C67EC29F2DB8900D25726 /* Tutorial.swift */ = {isa = PBXFileReference; fileEncoding = 4; lastKnownFileType = sourcecode.swift; path = Tutorial.swift; sourceTree = "<group>"; };
		D35C67ED29F2DB8900D25726 /* Quection.swift */ = {isa = PBXFileReference; fileEncoding = 4; lastKnownFileType = sourcecode.swift; path = Quection.swift; sourceTree = "<group>"; };
		D35C67EE29F2DB8900D25726 /* Category.swift */ = {isa = PBXFileReference; fileEncoding = 4; lastKnownFileType = sourcecode.swift; path = Category.swift; sourceTree = "<group>"; };
		D35C67F029F2DB8900D25726 /* Answer.swift */ = {isa = PBXFileReference; fileEncoding = 4; lastKnownFileType = sourcecode.swift; path = Answer.swift; sourceTree = "<group>"; };
		D35C67F929F2DB9A00D25726 /* ErrorView.swift */ = {isa = PBXFileReference; fileEncoding = 4; lastKnownFileType = sourcecode.swift; path = ErrorView.swift; sourceTree = "<group>"; };
		D35C67FC29F2DB9A00D25726 /* HomeView.swift */ = {isa = PBXFileReference; fileEncoding = 4; lastKnownFileType = sourcecode.swift; path = HomeView.swift; sourceTree = "<group>"; };
		D35C680129F2DB9A00D25726 /* MainTabbarView.swift */ = {isa = PBXFileReference; fileEncoding = 4; lastKnownFileType = sourcecode.swift; path = MainTabbarView.swift; sourceTree = "<group>"; };
		D35C680329F2DB9A00D25726 /* QuectionsView.swift */ = {isa = PBXFileReference; fileEncoding = 4; lastKnownFileType = sourcecode.swift; path = QuectionsView.swift; sourceTree = "<group>"; };
		D35C680529F2DB9A00D25726 /* AccountView.swift */ = {isa = PBXFileReference; fileEncoding = 4; lastKnownFileType = sourcecode.swift; path = AccountView.swift; sourceTree = "<group>"; };
		D35C680629F2DB9A00D25726 /* CreateAccountDetailView.swift */ = {isa = PBXFileReference; fileEncoding = 4; lastKnownFileType = sourcecode.swift; path = CreateAccountDetailView.swift; sourceTree = "<group>"; };
		D35C680729F2DB9A00D25726 /* AccountDetailListView.swift */ = {isa = PBXFileReference; fileEncoding = 4; lastKnownFileType = sourcecode.swift; path = AccountDetailListView.swift; sourceTree = "<group>"; };
		D35C680829F2DB9A00D25726 /* ChatView.swift */ = {isa = PBXFileReference; fileEncoding = 4; lastKnownFileType = sourcecode.swift; path = ChatView.swift; sourceTree = "<group>"; };
		D35C680A29F2DB9A00D25726 /* OpenRealmView.swift */ = {isa = PBXFileReference; fileEncoding = 4; lastKnownFileType = sourcecode.swift; path = OpenRealmView.swift; sourceTree = "<group>"; };
		D35C680B29F2DB9A00D25726 /* ContentView.swift */ = {isa = PBXFileReference; fileEncoding = 4; lastKnownFileType = sourcecode.swift; path = ContentView.swift; sourceTree = "<group>"; };
		D35C680D29F2DB9A00D25726 /* LogoutButton.swift */ = {isa = PBXFileReference; fileEncoding = 4; lastKnownFileType = sourcecode.swift; path = LogoutButton.swift; sourceTree = "<group>"; };
		D35C680E29F2DB9A00D25726 /* LoginView.swift */ = {isa = PBXFileReference; fileEncoding = 4; lastKnownFileType = sourcecode.swift; path = LoginView.swift; sourceTree = "<group>"; };
		D35C681E29F2DBA800D25726 /* atlasConfig.plist */ = {isa = PBXFileReference; fileEncoding = 4; lastKnownFileType = text.plist.xml; path = atlasConfig.plist; sourceTree = "<group>"; };
		D35C681F29F2DBA800D25726 /* DocumentationEng.docc */ = {isa = PBXFileReference; lastKnownFileType = folder.documentationcatalog; path = DocumentationEng.docc; sourceTree = "<group>"; };
		D35C682029F2DBA800D25726 /* DocumentationTR.docc */ = {isa = PBXFileReference; lastKnownFileType = folder.documentationcatalog; path = DocumentationTR.docc; sourceTree = "<group>"; };
		D35C682729F2E01E00D25726 /* EducationView.swift */ = {isa = PBXFileReference; fileEncoding = 4; lastKnownFileType = sourcecode.swift; path = EducationView.swift; sourceTree = "<group>"; };
		D35C682929F2E03D00D25726 /* CreateEducationCategory.swift */ = {isa = PBXFileReference; fileEncoding = 4; lastKnownFileType = sourcecode.swift; path = CreateEducationCategory.swift; sourceTree = "<group>"; };
		D35C682B29F2E03D00D25726 /* EducationCategoryRow.swift */ = {isa = PBXFileReference; fileEncoding = 4; lastKnownFileType = sourcecode.swift; path = EducationCategoryRow.swift; sourceTree = "<group>"; };
		D35C682C29F2E03D00D25726 /* EducationCategoryList.swift */ = {isa = PBXFileReference; fileEncoding = 4; lastKnownFileType = sourcecode.swift; path = EducationCategoryList.swift; sourceTree = "<group>"; };
		D360A96C2A07B0F40033C6AB /* CarEducationVideoView.swift */ = {isa = PBXFileReference; lastKnownFileType = sourcecode.swift; path = CarEducationVideoView.swift; sourceTree = "<group>"; };
		D360A96F2A07B1DA0033C6AB /* CreateCarEducationTutorial.swift */ = {isa = PBXFileReference; lastKnownFileType = sourcecode.swift; path = CreateCarEducationTutorial.swift; sourceTree = "<group>"; };
		D360A9712A07B2310033C6AB /* CarEducationTutorialList.swift */ = {isa = PBXFileReference; lastKnownFileType = sourcecode.swift; path = CarEducationTutorialList.swift; sourceTree = "<group>"; };
		D360A9732A07C3D90033C6AB /* CarEducationVideoDetail.swift */ = {isa = PBXFileReference; lastKnownFileType = sourcecode.swift; path = CarEducationVideoDetail.swift; sourceTree = "<group>"; };
		D36CA7082A29345900989DC8 /* CaptionLabel.swift */ = {isa = PBXFileReference; lastKnownFileType = sourcecode.swift; path = CaptionLabel.swift; sourceTree = "<group>"; };
		D36CA70A2A2934FC00989DC8 /* ThumbnailPhotoView.swift */ = {isa = PBXFileReference; lastKnownFileType = sourcecode.swift; path = ThumbnailPhotoView.swift; sourceTree = "<group>"; };
		D36CA70C2A29352C00989DC8 /* OnOffCircleView.swift */ = {isa = PBXFileReference; lastKnownFileType = sourcecode.swift; path = OnOffCircleView.swift; sourceTree = "<group>"; };
		D36CA70E2A29355800989DC8 /* BlankPersonIconView.swift */ = {isa = PBXFileReference; lastKnownFileType = sourcecode.swift; path = BlankPersonIconView.swift; sourceTree = "<group>"; };
		D37229632A17472100B56C1D /* UserStatistic.swift */ = {isa = PBXFileReference; lastKnownFileType = sourcecode.swift; path = UserStatistic.swift; sourceTree = "<group>"; };
		D37229672A174E2200B56C1D /* UserStatisticsCalculator.swift */ = {isa = PBXFileReference; lastKnownFileType = sourcecode.swift; path = UserStatisticsCalculator.swift; sourceTree = "<group>"; };
		D3AE8D3A2A36FB940065930B /* ChatBubbleView.swift */ = {isa = PBXFileReference; fileEncoding = 4; lastKnownFileType = sourcecode.swift; path = ChatBubbleView.swift; sourceTree = "<group>"; };
		D3AE8D3B2A36FB940065930B /* ChatRoomBubblesView.swift */ = {isa = PBXFileReference; fileEncoding = 4; lastKnownFileType = sourcecode.swift; path = ChatRoomBubblesView.swift; sourceTree = "<group>"; };
		D3AE8D402A36FBA70065930B /* ChatRoomView.swift */ = {isa = PBXFileReference; fileEncoding = 4; lastKnownFileType = sourcecode.swift; path = ChatRoomView.swift; sourceTree = "<group>"; };
		D3AE8D422A36FBCA0065930B /* ChatInputBox.swift */ = {isa = PBXFileReference; fileEncoding = 4; lastKnownFileType = sourcecode.swift; path = ChatInputBox.swift; sourceTree = "<group>"; };
		D3AE8D442A3703340065930B /* SaveConversationButton.swift */ = {isa = PBXFileReference; lastKnownFileType = sourcecode.swift; path = SaveConversationButton.swift; sourceTree = "<group>"; };
		D3B575EA2A2F77F60079C94C /* AppState.swift */ = {isa = PBXFileReference; lastKnownFileType = sourcecode.swift; path = AppState.swift; sourceTree = "<group>"; };
		D3B575EC2A2F7C130079C94C /* ConversationCardView.swift */ = {isa = PBXFileReference; lastKnownFileType = sourcecode.swift; path = ConversationCardView.swift; sourceTree = "<group>"; };
		D3B575EE2A2F7C470079C94C /* MugShotGridView.swift */ = {isa = PBXFileReference; lastKnownFileType = sourcecode.swift; path = MugShotGridView.swift; sourceTree = "<group>"; };
		D3B575F02A2F7C6C0079C94C /* NewConversationView.swift */ = {isa = PBXFileReference; lastKnownFileType = sourcecode.swift; path = NewConversationView.swift; sourceTree = "<group>"; };
		D3B575FF2A2F89BA0079C94C /* SearchBox.swift */ = {isa = PBXFileReference; lastKnownFileType = sourcecode.swift; path = SearchBox.swift; sourceTree = "<group>"; };
		D3B84F6D2A2B5EDB00B60FA3 /* TextDate.swift */ = {isa = PBXFileReference; lastKnownFileType = sourcecode.swift; path = TextDate.swift; sourceTree = "<group>"; };
		D3B84F6F2A2B5F2600B60FA3 /* ThumbnailWithExpand.swift */ = {isa = PBXFileReference; lastKnownFileType = sourcecode.swift; path = ThumbnailWithExpand.swift; sourceTree = "<group>"; };
		D3B84F712A2B5F6900B60FA3 /* PhotoFullSizeView.swift */ = {isa = PBXFileReference; lastKnownFileType = sourcecode.swift; path = PhotoFullSizeView.swift; sourceTree = "<group>"; };
		D3B84F732A2B5F9C00B60FA3 /* BackButton.swift */ = {isa = PBXFileReference; lastKnownFileType = sourcecode.swift; path = BackButton.swift; sourceTree = "<group>"; };
		D3B84F752A2B600600B60FA3 /* MarkDown.swift */ = {isa = PBXFileReference; lastKnownFileType = sourcecode.swift; path = MarkDown.swift; sourceTree = "<group>"; };
		D3B84F772A2B603D00B60FA3 /* ThumbnailWithDelete.swift */ = {isa = PBXFileReference; lastKnownFileType = sourcecode.swift; path = ThumbnailWithDelete.swift; sourceTree = "<group>"; };
		D3B84F792A2B606200B60FA3 /* DeleteButton.swift */ = {isa = PBXFileReference; lastKnownFileType = sourcecode.swift; path = DeleteButton.swift; sourceTree = "<group>"; };
		D3B84F7B2A2B608C00B60FA3 /* ButtonTemplate.swift */ = {isa = PBXFileReference; lastKnownFileType = sourcecode.swift; path = ButtonTemplate.swift; sourceTree = "<group>"; };
		D3B84F7D2A2B60B200B60FA3 /* AttachButton.swift */ = {isa = PBXFileReference; lastKnownFileType = sourcecode.swift; path = AttachButton.swift; sourceTree = "<group>"; };
		D3B84F7F2A2B60D700B60FA3 /* CameraButton.swift */ = {isa = PBXFileReference; lastKnownFileType = sourcecode.swift; path = CameraButton.swift; sourceTree = "<group>"; };
		D3B84F812A2B60F900B60FA3 /* SendButton.swift */ = {isa = PBXFileReference; lastKnownFileType = sourcecode.swift; path = SendButton.swift; sourceTree = "<group>"; };
		D3E1CF6E2A2339B6001801D0 /* UserPreferences.swift */ = {isa = PBXFileReference; lastKnownFileType = sourcecode.swift; path = UserPreferences.swift; sourceTree = "<group>"; };
		D3E1CF702A2339E7001801D0 /* Member.swift */ = {isa = PBXFileReference; lastKnownFileType = sourcecode.swift; path = Member.swift; sourceTree = "<group>"; };
		D3E1CF722A233A0F001801D0 /* Conversation.swift */ = {isa = PBXFileReference; lastKnownFileType = sourcecode.swift; path = Conversation.swift; sourceTree = "<group>"; };
		D3E1CF742A234259001801D0 /* CloneOfUser.swift */ = {isa = PBXFileReference; lastKnownFileType = sourcecode.swift; path = CloneOfUser.swift; sourceTree = "<group>"; };
		D3E559172A0E824A00819F19 /* CreateQuection.swift */ = {isa = PBXFileReference; lastKnownFileType = sourcecode.swift; path = CreateQuection.swift; sourceTree = "<group>"; };
		D3E559192A0E826F00819F19 /* QuectionList.swift */ = {isa = PBXFileReference; lastKnownFileType = sourcecode.swift; path = QuectionList.swift; sourceTree = "<group>"; };
		D3E5591D2A0EAFEB00819F19 /* QuectionRow.swift */ = {isa = PBXFileReference; lastKnownFileType = sourcecode.swift; path = QuectionRow.swift; sourceTree = "<group>"; };
		D3EDEB122A04F37F0080FF41 /* YouTubeAPI.swift */ = {isa = PBXFileReference; lastKnownFileType = sourcecode.swift; path = YouTubeAPI.swift; sourceTree = "<group>"; };
/* End PBXFileReference section */

/* Begin PBXFrameworksBuildPhase section */
		D35C67CA29F2DAA100D25726 /* Frameworks */ = {
			isa = PBXFrameworksBuildPhase;
			buildActionMask = 2147483647;
			files = (
				D35C683929F2E0E800D25726 /* GoogleAPIClientForREST_YouTubeReporting in Frameworks */,
				D35C67E229F2DAE700D25726 /* RealmSwift in Frameworks */,
				D35C683529F2E0DD00D25726 /* GoogleAPIClientForREST_YouTube in Frameworks */,
				D35C67E529F2DB2700D25726 /* GoogleAPIClientForRESTCore in Frameworks */,
				D35C683729F2E0E800D25726 /* GoogleAPIClientForREST_YouTubeAnalytics in Frameworks */,
				D35C67E029F2DAE700D25726 /* Realm in Frameworks */,
			);
			runOnlyForDeploymentPostprocessing = 0;
		};
/* End PBXFrameworksBuildPhase section */

/* Begin PBXGroup section */
		D3294DBD2A2747F200F9636F /* ProfileImageHandler */ = {
			isa = PBXGroup;
			children = (
				D3294DB02A2744B000F9636F /* PhotoCaptureController.swift */,
				D3294DB22A27460D00F9636F /* UIImageExtension.swift */,
				D3294DB42A2746DC00F9636F /* AvatarButton.swift */,
				D3294DB62A2746EE00F9636F /* AvatarThumbNailView.swift */,
				D3294DB82A27471300F9636F /* Thumbnail.swift */,
				D3294DBA2A27476E00F9636F /* ThumbNailView.swift */,
				D30213F82A287E8D008DD61D /* UserAvatarView.swift */,
				D36CA70A2A2934FC00989DC8 /* ThumbnailPhotoView.swift */,
				D36CA70C2A29352C00989DC8 /* OnOffCircleView.swift */,
				D36CA70E2A29355800989DC8 /* BlankPersonIconView.swift */,
				D3B84F6F2A2B5F2600B60FA3 /* ThumbnailWithExpand.swift */,
				D3B84F712A2B5F6900B60FA3 /* PhotoFullSizeView.swift */,
				D3B84F772A2B603D00B60FA3 /* ThumbnailWithDelete.swift */,
			);
			path = ProfileImageHandler;
			sourceTree = "<group>";
		};
		D35C67C429F2DAA100D25726 = {
			isa = PBXGroup;
			children = (
				D35C67CF29F2DAA100D25726 /* DrivingLicence */,
				D35C67CE29F2DAA100D25726 /* Products */,
				D35C683329F2E0DD00D25726 /* Frameworks */,
			);
			sourceTree = "<group>";
		};
		D35C67CE29F2DAA100D25726 /* Products */ = {
			isa = PBXGroup;
			children = (
				D35C67CD29F2DAA100D25726 /* DrivingLicence.app */,
			);
			name = Products;
			sourceTree = "<group>";
		};
		D35C67CF29F2DAA100D25726 /* DrivingLicence */ = {
			isa = PBXGroup;
			children = (
				D35C67E629F2DB7800D25726 /* DrivingLicenceApp.swift */,
				D35C67E729F2DB7800D25726 /* DrivingLicenceAppConfig.swift */,
				D35C67EA29F2DB8900D25726 /* Models */,
				D35C67F729F2DB9A00D25726 /* Views */,
				D35C67D429F2DAA300D25726 /* Assets.xcassets */,
				D35C67D629F2DAA300D25726 /* Preview Content */,
				D35C681E29F2DBA800D25726 /* atlasConfig.plist */,
				D35C681F29F2DBA800D25726 /* DocumentationEng.docc */,
				D35C682029F2DBA800D25726 /* DocumentationTR.docc */,
				D35C67D729F2DAA300D25726 /* Preview Assets.xcassets */,
			);
			path = DrivingLicence;
			sourceTree = "<group>";
		};
		D35C67D629F2DAA300D25726 /* Preview Content */ = {
			isa = PBXGroup;
			children = (
			);
			path = "Preview Content";
			sourceTree = "<group>";
		};
		D35C67EA29F2DB8900D25726 /* Models */ = {
			isa = PBXGroup;
			children = (
				D3E1CF6D2A233953001801D0 /* Home */,
				D3E1CF6C2A2338A0001801D0 /* Quection */,
				D3E1CF6B2A233896001801D0 /* Education */,
				D3E1CF6A2A23388F001801D0 /* Account */,
				D3E1CF682A233878001801D0 /* Chat */,
			);
			path = Models;
			sourceTree = "<group>";
		};
		D35C67F729F2DB9A00D25726 /* Views */ = {
			isa = PBXGroup;
			children = (
				D35C67F829F2DB9A00D25726 /* Supports */,
				D35C67FA29F2DB9A00D25726 /* Screans */,
				D35C680929F2DB9A00D25726 /* Setting */,
				D35C680C29F2DB9A00D25726 /* Authentication */,
			);
			path = Views;
			sourceTree = "<group>";
		};
		D35C67F829F2DB9A00D25726 /* Supports */ = {
			isa = PBXGroup;
			children = (
				D36CA7072A29343D00989DC8 /* UILabelHandler */,
				D35C67F929F2DB9A00D25726 /* ErrorView.swift */,
				D3EDEB122A04F37F0080FF41 /* YouTubeAPI.swift */,
				D3294DBD2A2747F200F9636F /* ProfileImageHandler */,
				D3485EBE2A2A2D970088338E /* SearchBoxView.swift */,
				D3B84F6D2A2B5EDB00B60FA3 /* TextDate.swift */,
				D3B84F732A2B5F9C00B60FA3 /* BackButton.swift */,
				D3B84F752A2B600600B60FA3 /* MarkDown.swift */,
				D3B84F792A2B606200B60FA3 /* DeleteButton.swift */,
				D3B84F7B2A2B608C00B60FA3 /* ButtonTemplate.swift */,
				D3B84F7D2A2B60B200B60FA3 /* AttachButton.swift */,
				D3B84F7F2A2B60D700B60FA3 /* CameraButton.swift */,
				D3B84F812A2B60F900B60FA3 /* SendButton.swift */,
				D3B575FF2A2F89BA0079C94C /* SearchBox.swift */,
			);
			path = Supports;
			sourceTree = "<group>";
		};
		D35C67FA29F2DB9A00D25726 /* Screans */ = {
			isa = PBXGroup;
			children = (
				D35C680129F2DB9A00D25726 /* MainTabbarView.swift */,
				D35C682629F2DC5700D25726 /* Chat */,
				D35C67FB29F2DB9A00D25726 /* Home */,
				D35C67FD29F2DB9A00D25726 /* Education */,
				D35C680229F2DB9A00D25726 /* Quection */,
				D35C680429F2DB9A00D25726 /* Account */,
			);
			path = Screans;
			sourceTree = "<group>";
		};
		D35C67FB29F2DB9A00D25726 /* Home */ = {
			isa = PBXGroup;
			children = (
				D35C67FC29F2DB9A00D25726 /* HomeView.swift */,
				D37229672A174E2200B56C1D /* UserStatisticsCalculator.swift */,
			);
			path = Home;
			sourceTree = "<group>";
		};
		D35C67FD29F2DB9A00D25726 /* Education */ = {
			isa = PBXGroup;
			children = (
				D35C682729F2E01E00D25726 /* EducationView.swift */,
				D35C682929F2E03D00D25726 /* CreateEducationCategory.swift */,
				D35C682C29F2E03D00D25726 /* EducationCategoryList.swift */,
				D35C682B29F2E03D00D25726 /* EducationCategoryRow.swift */,
				D360A96E2A07B12D0033C6AB /* Car */,
			);
			path = Education;
			sourceTree = "<group>";
		};
		D35C680229F2DB9A00D25726 /* Quection */ = {
			isa = PBXGroup;
			children = (
				D35C680329F2DB9A00D25726 /* QuectionsView.swift */,
				D3E559172A0E824A00819F19 /* CreateQuection.swift */,
				D3E559192A0E826F00819F19 /* QuectionList.swift */,
				D3E5591D2A0EAFEB00819F19 /* QuectionRow.swift */,
			);
			path = Quection;
			sourceTree = "<group>";
		};
		D35C680429F2DB9A00D25726 /* Account */ = {
			isa = PBXGroup;
			children = (
				D35C680529F2DB9A00D25726 /* AccountView.swift */,
				D35C680629F2DB9A00D25726 /* CreateAccountDetailView.swift */,
				D35C680729F2DB9A00D25726 /* AccountDetailListView.swift */,
			);
			path = Account;
			sourceTree = "<group>";
		};
		D35C680929F2DB9A00D25726 /* Setting */ = {
			isa = PBXGroup;
			children = (
				D35C680A29F2DB9A00D25726 /* OpenRealmView.swift */,
				D35C680B29F2DB9A00D25726 /* ContentView.swift */,
				D3B575EA2A2F77F60079C94C /* AppState.swift */,
			);
			path = Setting;
			sourceTree = "<group>";
		};
		D35C680C29F2DB9A00D25726 /* Authentication */ = {
			isa = PBXGroup;
			children = (
				D35C680D29F2DB9A00D25726 /* LogoutButton.swift */,
				D35C680E29F2DB9A00D25726 /* LoginView.swift */,
			);
			path = Authentication;
			sourceTree = "<group>";
		};
		D35C682629F2DC5700D25726 /* Chat */ = {
			isa = PBXGroup;
			children = (
				D35C680829F2DB9A00D25726 /* ChatView.swift */,
				D30213FA2A288542008DD61D /* ConversationList.swift */,
				D3B575EC2A2F7C130079C94C /* ConversationCardView.swift */,
				D3B575EE2A2F7C470079C94C /* MugShotGridView.swift */,
				D3B575F02A2F7C6C0079C94C /* NewConversationView.swift */,
				D3AE8D442A3703340065930B /* SaveConversationButton.swift */,
				D3AE8D392A36FB6C0065930B /* Messages */,
			);
			path = Chat;
			sourceTree = "<group>";
		};
		D35C683329F2E0DD00D25726 /* Frameworks */ = {
			isa = PBXGroup;
			children = (
			);
			name = Frameworks;
			sourceTree = "<group>";
		};
		D360A96E2A07B12D0033C6AB /* Car */ = {
			isa = PBXGroup;
			children = (
				D360A96C2A07B0F40033C6AB /* CarEducationVideoView.swift */,
				D360A96F2A07B1DA0033C6AB /* CreateCarEducationTutorial.swift */,
				D360A9712A07B2310033C6AB /* CarEducationTutorialList.swift */,
				D351ABA629FFC6580008870A /* CarEducationVideoRow.swift */,
				D360A9732A07C3D90033C6AB /* CarEducationVideoDetail.swift */,
			);
			path = Car;
			sourceTree = "<group>";
		};
		D36CA7072A29343D00989DC8 /* UILabelHandler */ = {
			isa = PBXGroup;
			children = (
				D36CA7082A29345900989DC8 /* CaptionLabel.swift */,
			);
			path = UILabelHandler;
			sourceTree = "<group>";
		};
		D3AE8D392A36FB6C0065930B /* Messages */ = {
			isa = PBXGroup;
			children = (
				D3AE8D402A36FBA70065930B /* ChatRoomView.swift */,
				D3AE8D3B2A36FB940065930B /* ChatRoomBubblesView.swift */,
				D3AE8D422A36FBCA0065930B /* ChatInputBox.swift */,
				D3AE8D3A2A36FB940065930B /* ChatBubbleView.swift */,
				D353065B2A3C5DF100059ED3 /* AuthorView.swift */,
			);
			path = Messages;
			sourceTree = "<group>";
		};
		D3E1CF682A233878001801D0 /* Chat */ = {
			isa = PBXGroup;
			children = (
				D352458F2A2335EB00F2851B /* ChatMessage.swift */,
				D3E1CF702A2339E7001801D0 /* Member.swift */,
				D3E1CF722A233A0F001801D0 /* Conversation.swift */,
			);
			path = Chat;
			sourceTree = "<group>";
		};
		D3E1CF6A2A23388F001801D0 /* Account */ = {
			isa = PBXGroup;
			children = (
				D35C67EB29F2DB8900D25726 /* UserDetail.swift */,
				D35245912A23367200F2851B /* Photo.swift */,
				D3E1CF6E2A2339B6001801D0 /* UserPreferences.swift */,
				D3E1CF742A234259001801D0 /* CloneOfUser.swift */,
			);
			path = Account;
			sourceTree = "<group>";
		};
		D3E1CF6B2A233896001801D0 /* Education */ = {
			isa = PBXGroup;
			children = (
				D35C67EE29F2DB8900D25726 /* Category.swift */,
				D35C67EC29F2DB8900D25726 /* Tutorial.swift */,
			);
			path = Education;
			sourceTree = "<group>";
		};
		D3E1CF6C2A2338A0001801D0 /* Quection */ = {
			isa = PBXGroup;
			children = (
				D35C67ED29F2DB8900D25726 /* Quection.swift */,
				D35C67F029F2DB8900D25726 /* Answer.swift */,
			);
			path = Quection;
			sourceTree = "<group>";
		};
		D3E1CF6D2A233953001801D0 /* Home */ = {
			isa = PBXGroup;
			children = (
				D37229632A17472100B56C1D /* UserStatistic.swift */,
			);
			path = Home;
			sourceTree = "<group>";
		};
/* End PBXGroup section */

/* Begin PBXNativeTarget section */
		D35C67CC29F2DAA100D25726 /* DrivingLicence */ = {
			isa = PBXNativeTarget;
			buildConfigurationList = D35C67DB29F2DAA300D25726 /* Build configuration list for PBXNativeTarget "DrivingLicence" */;
			buildPhases = (
				D35C67C929F2DAA100D25726 /* Sources */,
				D35C67CA29F2DAA100D25726 /* Frameworks */,
				D35C67CB29F2DAA100D25726 /* Resources */,
			);
			buildRules = (
			);
			dependencies = (
			);
			name = DrivingLicence;
			packageProductDependencies = (
				D35C67DF29F2DAE700D25726 /* Realm */,
				D35C67E129F2DAE700D25726 /* RealmSwift */,
				D35C67E429F2DB2700D25726 /* GoogleAPIClientForRESTCore */,
				D35C683429F2E0DD00D25726 /* GoogleAPIClientForREST_YouTube */,
				D35C683629F2E0E800D25726 /* GoogleAPIClientForREST_YouTubeAnalytics */,
				D35C683829F2E0E800D25726 /* GoogleAPIClientForREST_YouTubeReporting */,
			);
			productName = DrivingLicence;
			productReference = D35C67CD29F2DAA100D25726 /* DrivingLicence.app */;
			productType = "com.apple.product-type.application";
		};
/* End PBXNativeTarget section */

/* Begin PBXProject section */
		D35C67C529F2DAA100D25726 /* Project object */ = {
			isa = PBXProject;
			attributes = {
				BuildIndependentTargetsInParallel = 1;
				LastSwiftUpdateCheck = 1420;
				LastUpgradeCheck = 1420;
				TargetAttributes = {
					D35C67CC29F2DAA100D25726 = {
						CreatedOnToolsVersion = 14.2;
						LastSwiftMigration = 1420;
					};
				};
			};
			buildConfigurationList = D35C67C829F2DAA100D25726 /* Build configuration list for PBXProject "DrivingLicence" */;
			compatibilityVersion = "Xcode 14.0";
			developmentRegion = en;
			hasScannedForEncodings = 0;
			knownRegions = (
				en,
				Base,
			);
			mainGroup = D35C67C429F2DAA100D25726;
			packageReferences = (
				D35C67DE29F2DAE700D25726 /* XCRemoteSwiftPackageReference "realm-swift" */,
				D35C67E329F2DB2700D25726 /* XCRemoteSwiftPackageReference "google-api-objectivec-client-for-rest" */,
			);
			productRefGroup = D35C67CE29F2DAA100D25726 /* Products */;
			projectDirPath = "";
			projectRoot = "";
			targets = (
				D35C67CC29F2DAA100D25726 /* DrivingLicence */,
			);
		};
/* End PBXProject section */

/* Begin PBXResourcesBuildPhase section */
		D35C67CB29F2DAA100D25726 /* Resources */ = {
			isa = PBXResourcesBuildPhase;
			buildActionMask = 2147483647;
			files = (
				D35C67D829F2DAA300D25726 /* Preview Assets.xcassets in Resources */,
				D35C682129F2DBA800D25726 /* atlasConfig.plist in Resources */,
				D35C67D529F2DAA300D25726 /* Assets.xcassets in Resources */,
			);
			runOnlyForDeploymentPostprocessing = 0;
		};
/* End PBXResourcesBuildPhase section */

/* Begin PBXSourcesBuildPhase section */
		D35C67C929F2DAA100D25726 /* Sources */ = {
			isa = PBXSourcesBuildPhase;
			buildActionMask = 2147483647;
			files = (
				D360A9722A07B2310033C6AB /* CarEducationTutorialList.swift in Sources */,
				D3B575ED2A2F7C130079C94C /* ConversationCardView.swift in Sources */,
				D35C681029F2DB9B00D25726 /* HomeView.swift in Sources */,
				D3EDEB132A04F3800080FF41 /* YouTubeAPI.swift in Sources */,
				D35C681C29F2DB9B00D25726 /* LogoutButton.swift in Sources */,
				D30213FB2A288542008DD61D /* ConversationList.swift in Sources */,
				D3E5591E2A0EAFEB00819F19 /* QuectionRow.swift in Sources */,
				D35C681829F2DB9B00D25726 /* AccountDetailListView.swift in Sources */,
				D35C67E829F2DB7800D25726 /* DrivingLicenceApp.swift in Sources */,
				D35C681929F2DB9B00D25726 /* ChatView.swift in Sources */,
				D35C67F229F2DB8900D25726 /* Tutorial.swift in Sources */,
				D30213F92A287E8D008DD61D /* UserAvatarView.swift in Sources */,
				D36CA70F2A29355800989DC8 /* BlankPersonIconView.swift in Sources */,
				D35C683129F2E03D00D25726 /* EducationCategoryList.swift in Sources */,
				D36CA70B2A2934FC00989DC8 /* ThumbnailPhotoView.swift in Sources */,
				D3B575EF2A2F7C470079C94C /* MugShotGridView.swift in Sources */,
				D353065C2A3C5DF100059ED3 /* AuthorView.swift in Sources */,
				D360A9702A07B1DA0033C6AB /* CreateCarEducationTutorial.swift in Sources */,
				D3AE8D432A36FBCA0065930B /* ChatInputBox.swift in Sources */,
				D35C682229F2DBA800D25726 /* DocumentationEng.docc in Sources */,
				D3E559182A0E824A00819F19 /* CreateQuection.swift in Sources */,
				D35245922A23367200F2851B /* Photo.swift in Sources */,
				D3B84F822A2B60F900B60FA3 /* SendButton.swift in Sources */,
				D35C681B29F2DB9B00D25726 /* ContentView.swift in Sources */,
				D3B84F802A2B60D700B60FA3 /* CameraButton.swift in Sources */,
				D3294DB32A27460D00F9636F /* UIImageExtension.swift in Sources */,
				D351ABA729FFC6580008870A /* CarEducationVideoRow.swift in Sources */,
				D3B576002A2F89BA0079C94C /* SearchBox.swift in Sources */,
				D35C681D29F2DB9B00D25726 /* LoginView.swift in Sources */,
				D35C67F129F2DB8900D25726 /* UserDetail.swift in Sources */,
				D35C681729F2DB9B00D25726 /* CreateAccountDetailView.swift in Sources */,
				D35C681A29F2DB9B00D25726 /* OpenRealmView.swift in Sources */,
				D35C67E929F2DB7800D25726 /* DrivingLicenceAppConfig.swift in Sources */,
				D3294DB72A2746EE00F9636F /* AvatarThumbNailView.swift in Sources */,
				D35C682E29F2E03D00D25726 /* CreateEducationCategory.swift in Sources */,
				D3485EBF2A2A2D970088338E /* SearchBoxView.swift in Sources */,
				D3E1CF752A234259001801D0 /* CloneOfUser.swift in Sources */,
				D3E1CF6F2A2339B6001801D0 /* UserPreferences.swift in Sources */,
				D3294DB92A27471300F9636F /* Thumbnail.swift in Sources */,
				D3B84F7E2A2B60B200B60FA3 /* AttachButton.swift in Sources */,
				D3294DB12A2744B000F9636F /* PhotoCaptureController.swift in Sources */,
				D3B84F742A2B5F9C00B60FA3 /* BackButton.swift in Sources */,
				D3E5591A2A0E826F00819F19 /* QuectionList.swift in Sources */,
				D3B84F7C2A2B608C00B60FA3 /* ButtonTemplate.swift in Sources */,
				D3294DBB2A27476E00F9636F /* ThumbNailView.swift in Sources */,
				D360A9742A07C3D90033C6AB /* CarEducationVideoDetail.swift in Sources */,
				D3AE8D452A3703340065930B /* SaveConversationButton.swift in Sources */,
				D36CA7092A29345900989DC8 /* CaptionLabel.swift in Sources */,
				D3E1CF732A233A0F001801D0 /* Conversation.swift in Sources */,
				D3AE8D412A36FBA70065930B /* ChatRoomView.swift in Sources */,
				D35C67F329F2DB8900D25726 /* Quection.swift in Sources */,
				D3B84F702A2B5F2600B60FA3 /* ThumbnailWithExpand.swift in Sources */,
				D35C683029F2E03D00D25726 /* EducationCategoryRow.swift in Sources */,
				D3B84F722A2B5F6900B60FA3 /* PhotoFullSizeView.swift in Sources */,
				D35C681629F2DB9B00D25726 /* AccountView.swift in Sources */,
				D35C682829F2E01E00D25726 /* EducationView.swift in Sources */,
				D35C67F429F2DB8900D25726 /* Category.swift in Sources */,
				D3AE8D3E2A36FB940065930B /* ChatRoomBubblesView.swift in Sources */,
				D35C682329F2DBA800D25726 /* DocumentationTR.docc in Sources */,
				D3AE8D3D2A36FB940065930B /* ChatBubbleView.swift in Sources */,
				D37229682A174E2200B56C1D /* UserStatisticsCalculator.swift in Sources */,
				D35C67F629F2DB8900D25726 /* Answer.swift in Sources */,
				D3B84F762A2B600600B60FA3 /* MarkDown.swift in Sources */,
				D360A96D2A07B0F40033C6AB /* CarEducationVideoView.swift in Sources */,
				D35C680F29F2DB9B00D25726 /* ErrorView.swift in Sources */,
				D37229642A17472100B56C1D /* UserStatistic.swift in Sources */,
				D3B575F12A2F7C6C0079C94C /* NewConversationView.swift in Sources */,
				D3294DB52A2746DC00F9636F /* AvatarButton.swift in Sources */,
				D35C681529F2DB9B00D25726 /* QuectionsView.swift in Sources */,
				D35C681429F2DB9B00D25726 /* MainTabbarView.swift in Sources */,
				D36CA70D2A29352C00989DC8 /* OnOffCircleView.swift in Sources */,
				D3B84F6E2A2B5EDB00B60FA3 /* TextDate.swift in Sources */,
				D3B84F782A2B603D00B60FA3 /* ThumbnailWithDelete.swift in Sources */,
				D3B84F7A2A2B606200B60FA3 /* DeleteButton.swift in Sources */,
				D35245902A2335EB00F2851B /* ChatMessage.swift in Sources */,
				D3B575EB2A2F77F60079C94C /* AppState.swift in Sources */,
				D3E1CF712A2339E7001801D0 /* Member.swift in Sources */,
			);
			runOnlyForDeploymentPostprocessing = 0;
		};
/* End PBXSourcesBuildPhase section */

/* Begin XCBuildConfiguration section */
		D35C67D929F2DAA300D25726 /* Debug */ = {
			isa = XCBuildConfiguration;
			buildSettings = {
				ALWAYS_SEARCH_USER_PATHS = NO;
				CLANG_ANALYZER_NONNULL = YES;
				CLANG_ANALYZER_NUMBER_OBJECT_CONVERSION = YES_AGGRESSIVE;
				CLANG_CXX_LANGUAGE_STANDARD = "gnu++20";
				CLANG_ENABLE_MODULES = YES;
				CLANG_ENABLE_OBJC_ARC = YES;
				CLANG_ENABLE_OBJC_WEAK = YES;
				CLANG_WARN_BLOCK_CAPTURE_AUTORELEASING = YES;
				CLANG_WARN_BOOL_CONVERSION = YES;
				CLANG_WARN_COMMA = YES;
				CLANG_WARN_CONSTANT_CONVERSION = YES;
				CLANG_WARN_DEPRECATED_OBJC_IMPLEMENTATIONS = YES;
				CLANG_WARN_DIRECT_OBJC_ISA_USAGE = YES_ERROR;
				CLANG_WARN_DOCUMENTATION_COMMENTS = YES;
				CLANG_WARN_EMPTY_BODY = YES;
				CLANG_WARN_ENUM_CONVERSION = YES;
				CLANG_WARN_INFINITE_RECURSION = YES;
				CLANG_WARN_INT_CONVERSION = YES;
				CLANG_WARN_NON_LITERAL_NULL_CONVERSION = YES;
				CLANG_WARN_OBJC_IMPLICIT_RETAIN_SELF = YES;
				CLANG_WARN_OBJC_LITERAL_CONVERSION = YES;
				CLANG_WARN_OBJC_ROOT_CLASS = YES_ERROR;
				CLANG_WARN_QUOTED_INCLUDE_IN_FRAMEWORK_HEADER = YES;
				CLANG_WARN_RANGE_LOOP_ANALYSIS = YES;
				CLANG_WARN_STRICT_PROTOTYPES = YES;
				CLANG_WARN_SUSPICIOUS_MOVE = YES;
				CLANG_WARN_UNGUARDED_AVAILABILITY = YES_AGGRESSIVE;
				CLANG_WARN_UNREACHABLE_CODE = YES;
				CLANG_WARN__DUPLICATE_METHOD_MATCH = YES;
				COPY_PHASE_STRIP = NO;
				DEBUG_INFORMATION_FORMAT = dwarf;
				ENABLE_STRICT_OBJC_MSGSEND = YES;
				ENABLE_TESTABILITY = YES;
				GCC_C_LANGUAGE_STANDARD = gnu11;
				GCC_DYNAMIC_NO_PIC = NO;
				GCC_NO_COMMON_BLOCKS = YES;
				GCC_OPTIMIZATION_LEVEL = 0;
				GCC_PREPROCESSOR_DEFINITIONS = (
					"DEBUG=1",
					"$(inherited)",
				);
				GCC_WARN_64_TO_32_BIT_CONVERSION = YES;
				GCC_WARN_ABOUT_RETURN_TYPE = YES_ERROR;
				GCC_WARN_UNDECLARED_SELECTOR = YES;
				GCC_WARN_UNINITIALIZED_AUTOS = YES_AGGRESSIVE;
				GCC_WARN_UNUSED_FUNCTION = YES;
				GCC_WARN_UNUSED_VARIABLE = YES;
				IPHONEOS_DEPLOYMENT_TARGET = 16.2;
				MTL_ENABLE_DEBUG_INFO = INCLUDE_SOURCE;
				MTL_FAST_MATH = YES;
				ONLY_ACTIVE_ARCH = YES;
				SDKROOT = iphoneos;
				SWIFT_ACTIVE_COMPILATION_CONDITIONS = DEBUG;
				SWIFT_OPTIMIZATION_LEVEL = "-Onone";
			};
			name = Debug;
		};
		D35C67DA29F2DAA300D25726 /* Release */ = {
			isa = XCBuildConfiguration;
			buildSettings = {
				ALWAYS_SEARCH_USER_PATHS = NO;
				CLANG_ANALYZER_NONNULL = YES;
				CLANG_ANALYZER_NUMBER_OBJECT_CONVERSION = YES_AGGRESSIVE;
				CLANG_CXX_LANGUAGE_STANDARD = "gnu++20";
				CLANG_ENABLE_MODULES = YES;
				CLANG_ENABLE_OBJC_ARC = YES;
				CLANG_ENABLE_OBJC_WEAK = YES;
				CLANG_WARN_BLOCK_CAPTURE_AUTORELEASING = YES;
				CLANG_WARN_BOOL_CONVERSION = YES;
				CLANG_WARN_COMMA = YES;
				CLANG_WARN_CONSTANT_CONVERSION = YES;
				CLANG_WARN_DEPRECATED_OBJC_IMPLEMENTATIONS = YES;
				CLANG_WARN_DIRECT_OBJC_ISA_USAGE = YES_ERROR;
				CLANG_WARN_DOCUMENTATION_COMMENTS = YES;
				CLANG_WARN_EMPTY_BODY = YES;
				CLANG_WARN_ENUM_CONVERSION = YES;
				CLANG_WARN_INFINITE_RECURSION = YES;
				CLANG_WARN_INT_CONVERSION = YES;
				CLANG_WARN_NON_LITERAL_NULL_CONVERSION = YES;
				CLANG_WARN_OBJC_IMPLICIT_RETAIN_SELF = YES;
				CLANG_WARN_OBJC_LITERAL_CONVERSION = YES;
				CLANG_WARN_OBJC_ROOT_CLASS = YES_ERROR;
				CLANG_WARN_QUOTED_INCLUDE_IN_FRAMEWORK_HEADER = YES;
				CLANG_WARN_RANGE_LOOP_ANALYSIS = YES;
				CLANG_WARN_STRICT_PROTOTYPES = YES;
				CLANG_WARN_SUSPICIOUS_MOVE = YES;
				CLANG_WARN_UNGUARDED_AVAILABILITY = YES_AGGRESSIVE;
				CLANG_WARN_UNREACHABLE_CODE = YES;
				CLANG_WARN__DUPLICATE_METHOD_MATCH = YES;
				COPY_PHASE_STRIP = NO;
				DEBUG_INFORMATION_FORMAT = "dwarf-with-dsym";
				ENABLE_NS_ASSERTIONS = NO;
				ENABLE_STRICT_OBJC_MSGSEND = YES;
				GCC_C_LANGUAGE_STANDARD = gnu11;
				GCC_NO_COMMON_BLOCKS = YES;
				GCC_WARN_64_TO_32_BIT_CONVERSION = YES;
				GCC_WARN_ABOUT_RETURN_TYPE = YES_ERROR;
				GCC_WARN_UNDECLARED_SELECTOR = YES;
				GCC_WARN_UNINITIALIZED_AUTOS = YES_AGGRESSIVE;
				GCC_WARN_UNUSED_FUNCTION = YES;
				GCC_WARN_UNUSED_VARIABLE = YES;
				IPHONEOS_DEPLOYMENT_TARGET = 16.2;
				MTL_ENABLE_DEBUG_INFO = NO;
				MTL_FAST_MATH = YES;
				SDKROOT = iphoneos;
				SWIFT_COMPILATION_MODE = wholemodule;
				SWIFT_OPTIMIZATION_LEVEL = "-O";
				VALIDATE_PRODUCT = YES;
			};
			name = Release;
		};
		D35C67DC29F2DAA300D25726 /* Debug */ = {
			isa = XCBuildConfiguration;
			buildSettings = {
				ASSETCATALOG_COMPILER_APPICON_NAME = AppIcon;
				ASSETCATALOG_COMPILER_GLOBAL_ACCENT_COLOR_NAME = AccentColor;
				CLANG_ENABLE_MODULES = YES;
				CODE_SIGN_STYLE = Automatic;
				CURRENT_PROJECT_VERSION = 1;
				DEVELOPMENT_ASSET_PATHS = "\"DrivingLicence/Preview Content\"";
				DEVELOPMENT_TEAM = 7YR5648XWB;
				ENABLE_PREVIEWS = YES;
				GENERATE_INFOPLIST_FILE = YES;
				INFOPLIST_KEY_UIApplicationSceneManifest_Generation = YES;
				INFOPLIST_KEY_UIApplicationSupportsIndirectInputEvents = YES;
				INFOPLIST_KEY_UILaunchScreen_Generation = YES;
				INFOPLIST_KEY_UISupportedInterfaceOrientations_iPad = "UIInterfaceOrientationPortrait UIInterfaceOrientationPortraitUpsideDown UIInterfaceOrientationLandscapeLeft UIInterfaceOrientationLandscapeRight";
				INFOPLIST_KEY_UISupportedInterfaceOrientations_iPhone = "UIInterfaceOrientationPortrait UIInterfaceOrientationLandscapeLeft UIInterfaceOrientationLandscapeRight";
				IPHONEOS_DEPLOYMENT_TARGET = 16.2;
				LD_RUNPATH_SEARCH_PATHS = (
					"$(inherited)",
					"@executable_path/Frameworks",
				);
				MARKETING_VERSION = 1.0;
				PRODUCT_BUNDLE_IDENTIFIER = "can-c.DrivingLicence";
				PRODUCT_NAME = "$(TARGET_NAME)";
				SWIFT_EMIT_LOC_STRINGS = YES;
				SWIFT_OPTIMIZATION_LEVEL = "-Onone";
				SWIFT_VERSION = 5.0;
				TARGETED_DEVICE_FAMILY = "1,2";
			};
			name = Debug;
		};
		D35C67DD29F2DAA300D25726 /* Release */ = {
			isa = XCBuildConfiguration;
			buildSettings = {
				ASSETCATALOG_COMPILER_APPICON_NAME = AppIcon;
				ASSETCATALOG_COMPILER_GLOBAL_ACCENT_COLOR_NAME = AccentColor;
				CLANG_ENABLE_MODULES = YES;
				CODE_SIGN_STYLE = Automatic;
				CURRENT_PROJECT_VERSION = 1;
				DEVELOPMENT_ASSET_PATHS = "\"DrivingLicence/Preview Content\"";
				DEVELOPMENT_TEAM = 7YR5648XWB;
				ENABLE_PREVIEWS = YES;
				GENERATE_INFOPLIST_FILE = YES;
				INFOPLIST_KEY_UIApplicationSceneManifest_Generation = YES;
				INFOPLIST_KEY_UIApplicationSupportsIndirectInputEvents = YES;
				INFOPLIST_KEY_UILaunchScreen_Generation = YES;
				INFOPLIST_KEY_UISupportedInterfaceOrientations_iPad = "UIInterfaceOrientationPortrait UIInterfaceOrientationPortraitUpsideDown UIInterfaceOrientationLandscapeLeft UIInterfaceOrientationLandscapeRight";
				INFOPLIST_KEY_UISupportedInterfaceOrientations_iPhone = "UIInterfaceOrientationPortrait UIInterfaceOrientationLandscapeLeft UIInterfaceOrientationLandscapeRight";
				IPHONEOS_DEPLOYMENT_TARGET = 16.2;
				LD_RUNPATH_SEARCH_PATHS = (
					"$(inherited)",
					"@executable_path/Frameworks",
				);
				MARKETING_VERSION = 1.0;
				PRODUCT_BUNDLE_IDENTIFIER = "can-c.DrivingLicence";
				PRODUCT_NAME = "$(TARGET_NAME)";
				SWIFT_EMIT_LOC_STRINGS = YES;
				SWIFT_VERSION = 5.0;
				TARGETED_DEVICE_FAMILY = "1,2";
			};
			name = Release;
		};
/* End XCBuildConfiguration section */

/* Begin XCConfigurationList section */
		D35C67C829F2DAA100D25726 /* Build configuration list for PBXProject "DrivingLicence" */ = {
			isa = XCConfigurationList;
			buildConfigurations = (
				D35C67D929F2DAA300D25726 /* Debug */,
				D35C67DA29F2DAA300D25726 /* Release */,
			);
			defaultConfigurationIsVisible = 0;
			defaultConfigurationName = Release;
		};
		D35C67DB29F2DAA300D25726 /* Build configuration list for PBXNativeTarget "DrivingLicence" */ = {
			isa = XCConfigurationList;
			buildConfigurations = (
				D35C67DC29F2DAA300D25726 /* Debug */,
				D35C67DD29F2DAA300D25726 /* Release */,
			);
			defaultConfigurationIsVisible = 0;
			defaultConfigurationName = Release;
		};
/* End XCConfigurationList section */

/* Begin XCRemoteSwiftPackageReference section */
		D35C67DE29F2DAE700D25726 /* XCRemoteSwiftPackageReference "realm-swift" */ = {
			isa = XCRemoteSwiftPackageReference;
			repositoryURL = "https://github.com/realm/realm-swift.git";
			requirement = {
				branch = master;
				kind = branch;
			};
		};
		D35C67E329F2DB2700D25726 /* XCRemoteSwiftPackageReference "google-api-objectivec-client-for-rest" */ = {
			isa = XCRemoteSwiftPackageReference;
			repositoryURL = "https://github.com/google/google-api-objectivec-client-for-rest.git";
			requirement = {
				branch = main;
				kind = branch;
			};
		};
/* End XCRemoteSwiftPackageReference section */

/* Begin XCSwiftPackageProductDependency section */
		D35C67DF29F2DAE700D25726 /* Realm */ = {
			isa = XCSwiftPackageProductDependency;
			package = D35C67DE29F2DAE700D25726 /* XCRemoteSwiftPackageReference "realm-swift" */;
			productName = Realm;
		};
		D35C67E129F2DAE700D25726 /* RealmSwift */ = {
			isa = XCSwiftPackageProductDependency;
			package = D35C67DE29F2DAE700D25726 /* XCRemoteSwiftPackageReference "realm-swift" */;
			productName = RealmSwift;
		};
		D35C67E429F2DB2700D25726 /* GoogleAPIClientForRESTCore */ = {
			isa = XCSwiftPackageProductDependency;
			package = D35C67E329F2DB2700D25726 /* XCRemoteSwiftPackageReference "google-api-objectivec-client-for-rest" */;
			productName = GoogleAPIClientForRESTCore;
		};
		D35C683429F2E0DD00D25726 /* GoogleAPIClientForREST_YouTube */ = {
			isa = XCSwiftPackageProductDependency;
			package = D35C67E329F2DB2700D25726 /* XCRemoteSwiftPackageReference "google-api-objectivec-client-for-rest" */;
			productName = GoogleAPIClientForREST_YouTube;
		};
		D35C683629F2E0E800D25726 /* GoogleAPIClientForREST_YouTubeAnalytics */ = {
			isa = XCSwiftPackageProductDependency;
			package = D35C67E329F2DB2700D25726 /* XCRemoteSwiftPackageReference "google-api-objectivec-client-for-rest" */;
			productName = GoogleAPIClientForREST_YouTubeAnalytics;
		};
		D35C683829F2E0E800D25726 /* GoogleAPIClientForREST_YouTubeReporting */ = {
			isa = XCSwiftPackageProductDependency;
			package = D35C67E329F2DB2700D25726 /* XCRemoteSwiftPackageReference "google-api-objectivec-client-for-rest" */;
			productName = GoogleAPIClientForREST_YouTubeReporting;
		};
/* End XCSwiftPackageProductDependency section */
	};
	rootObject = D35C67C529F2DAA100D25726 /* Project object */;
}
